
Microsoft Visual Studio Solution File, Format Version 12.00
# Visual Studio 14
VisualStudioVersion = 14.0.25420.1
MinimumVisualStudioVersion = 10.0.40219.1
Project("{2150E333-8FDC-42A3-9474-1A3956D46DE8}") = "src", "src", "{09C068B0-02D6-4C0B-93AC-5D5F2CE05BDF}"
EndProject
Project("{2150E333-8FDC-42A3-9474-1A3956D46DE8}") = "Solution Items", "Solution Items", "{2D6E4E08-8CDA-4D6B-9C46-77E0F2088301}"
	ProjectSection(SolutionItems) = preProject
		global.json = global.json
	EndProjectSection
EndProject
Project("{8BB2217D-0F2D-49D1-97BC-3654ED321F3B}") = "AspNetCoreWebApi", "src\AspNetCoreWebApi\AspNetCoreWebApi.xproj", "{46D46BE3-EDF8-40E0-BF2A-962F30384F10}"
EndProject
Global
	GlobalSection(SolutionConfigurationPlatforms) = preSolution
		Debug|Any CPU = Debug|Any CPU
		Release|Any CPU = Release|Any CPU
	EndGlobalSection
	GlobalSection(ProjectConfigurationPlatforms) = postSolution
		{46D46BE3-EDF8-40E0-BF2A-962F30384F10}.Debug|Any CPU.ActiveCfg = Debug|Any CPU
		{46D46BE3-EDF8-40E0-BF2A-962F30384F10}.Debug|Any CPU.Build.0 = Debug|Any CPU
		{46D46BE3-EDF8-40E0-BF2A-962F30384F10}.Release|Any CPU.ActiveCfg = Release|Any CPU
		{46D46BE3-EDF8-40E0-BF2A-962F30384F10}.Release|Any CPU.Build.0 = Release|Any CPU
	EndGlobalSection
	GlobalSection(SolutionProperties) = preSolution
		HideSolutionNode = FALSE
	EndGlobalSection
	GlobalSection(NestedProjects) = preSolution
		{46D46BE3-EDF8-40E0-BF2A-962F30384F10} = {09C068B0-02D6-4C0B-93AC-5D5F2CE05BDF}
	EndGlobalSection
EndGlobal
